
Microsoft Visual Studio Solution File, Format Version 12.00
# Visual Studio 15
VisualStudioVersion = 15.0.28307.329
MinimumVisualStudioVersion = 10.0.40219.1
Project("{FAE04EC0-301F-11D3-BF4B-00C04F79EFBC}") = "Homework6", "Homework6\Homework6.csproj", "{0E5AFDBF-CD33-4A08-B2DD-B8229D07EF05}"
EndProject
Global
	GlobalSection(SolutionConfigurationPlatforms) = preSolution
		Debug|Any CPU = Debug|Any CPU
		Release|Any CPU = Release|Any CPU
	EndGlobalSection
	GlobalSection(ProjectConfigurationPlatforms) = postSolution
		{0E5AFDBF-CD33-4A08-B2DD-B8229D07EF05}.Debug|Any CPU.ActiveCfg = Debug|Any CPU
		{0E5AFDBF-CD33-4A08-B2DD-B8229D07EF05}.Debug|Any CPU.Build.0 = Debug|Any CPU
		{0E5AFDBF-CD33-4A08-B2DD-B8229D07EF05}.Release|Any CPU.ActiveCfg = Release|Any CPU
		{0E5AFDBF-CD33-4A08-B2DD-B8229D07EF05}.Release|Any CPU.Build.0 = Release|Any CPU
	EndGlobalSection
	GlobalSection(SolutionProperties) = preSolution
		HideSolutionNode = FALSE
	EndGlobalSection
	GlobalSection(ExtensibilityGlobals) = postSolution
		SolutionGuid = {2BD198E4-7BFB-4EFF-90E0-82FC74A37A75}
	EndGlobalSection
EndGlobal
