
Microsoft Visual Studio Solution File, Format Version 12.00
# Visual Studio 15
VisualStudioVersion = 15.0.28307.329
MinimumVisualStudioVersion = 10.0.40219.1
Project("{FAE04EC0-301F-11D3-BF4B-00C04F79EFBC}") = "ContactApp", "ContactApp\ContactApp.csproj", "{F97BF009-4B80-4F3F-98DA-D899B140B9F3}"
EndProject
Project("{FAE04EC0-301F-11D3-BF4B-00C04F79EFBC}") = "ContactDB", "ContactDB\ContactDB.csproj", "{5C5CA45E-C126-436C-AF79-EC54EB66B8B1}"
EndProject
Project("{FAE04EC0-301F-11D3-BF4B-00C04F79EFBC}") = "ContactRepository", "ContactRepository\ContactRepository.csproj", "{EC263D3A-43A6-438B-8477-3E1931D2055A}"
EndProject
Global
	GlobalSection(SolutionConfigurationPlatforms) = preSolution
		Debug|Any CPU = Debug|Any CPU
		Release|Any CPU = Release|Any CPU
	EndGlobalSection
	GlobalSection(ProjectConfigurationPlatforms) = postSolution
		{F97BF009-4B80-4F3F-98DA-D899B140B9F3}.Debug|Any CPU.ActiveCfg = Debug|Any CPU
		{F97BF009-4B80-4F3F-98DA-D899B140B9F3}.Debug|Any CPU.Build.0 = Debug|Any CPU
		{F97BF009-4B80-4F3F-98DA-D899B140B9F3}.Release|Any CPU.ActiveCfg = Release|Any CPU
		{F97BF009-4B80-4F3F-98DA-D899B140B9F3}.Release|Any CPU.Build.0 = Release|Any CPU
		{5C5CA45E-C126-436C-AF79-EC54EB66B8B1}.Debug|Any CPU.ActiveCfg = Debug|Any CPU
		{5C5CA45E-C126-436C-AF79-EC54EB66B8B1}.Debug|Any CPU.Build.0 = Debug|Any CPU
		{5C5CA45E-C126-436C-AF79-EC54EB66B8B1}.Release|Any CPU.ActiveCfg = Release|Any CPU
		{5C5CA45E-C126-436C-AF79-EC54EB66B8B1}.Release|Any CPU.Build.0 = Release|Any CPU
		{EC263D3A-43A6-438B-8477-3E1931D2055A}.Debug|Any CPU.ActiveCfg = Debug|Any CPU
		{EC263D3A-43A6-438B-8477-3E1931D2055A}.Debug|Any CPU.Build.0 = Debug|Any CPU
		{EC263D3A-43A6-438B-8477-3E1931D2055A}.Release|Any CPU.ActiveCfg = Release|Any CPU
		{EC263D3A-43A6-438B-8477-3E1931D2055A}.Release|Any CPU.Build.0 = Release|Any CPU
	EndGlobalSection
	GlobalSection(SolutionProperties) = preSolution
		HideSolutionNode = FALSE
	EndGlobalSection
	GlobalSection(ExtensibilityGlobals) = postSolution
		SolutionGuid = {82FB603C-5AC0-4943-A402-15671B5EA189}
	EndGlobalSection
EndGlobal
