
Microsoft Visual Studio Solution File, Format Version 12.00
# Visual Studio 15
VisualStudioVersion = 15.0.28307.329
MinimumVisualStudioVersion = 10.0.40219.1
Project("{FAE04EC0-301F-11D3-BF4B-00C04F79EFBC}") = "Homework4", "Homework4\Homework4.csproj", "{5A48CAE7-9E6E-4F68-A093-05FB1C48099B}"
EndProject
Global
	GlobalSection(SolutionConfigurationPlatforms) = preSolution
		Debug|Any CPU = Debug|Any CPU
		Release|Any CPU = Release|Any CPU
	EndGlobalSection
	GlobalSection(ProjectConfigurationPlatforms) = postSolution
		{5A48CAE7-9E6E-4F68-A093-05FB1C48099B}.Debug|Any CPU.ActiveCfg = Debug|Any CPU
		{5A48CAE7-9E6E-4F68-A093-05FB1C48099B}.Debug|Any CPU.Build.0 = Debug|Any CPU
		{5A48CAE7-9E6E-4F68-A093-05FB1C48099B}.Release|Any CPU.ActiveCfg = Release|Any CPU
		{5A48CAE7-9E6E-4F68-A093-05FB1C48099B}.Release|Any CPU.Build.0 = Release|Any CPU
	EndGlobalSection
	GlobalSection(SolutionProperties) = preSolution
		HideSolutionNode = FALSE
	EndGlobalSection
	GlobalSection(ExtensibilityGlobals) = postSolution
		SolutionGuid = {2A9C43EF-5B34-4724-8DE4-9BF3732A1CC0}
	EndGlobalSection
EndGlobal
